{
  "name": "goit-advancedjs-hw-03",
  "lockfileVersion": 2,
  "requires": true,
  "packages": {
    "": {
      "name": "goit-advancedjs-hw-03",
      "version": "1.0.0",
      "dependencies": {
        "izitoast": "^1.4.0",
        "simplelightbox": "^2.14.3"
      },
      "devDependencies": {
        "gh-pages": "^6.3.0",
        "vite": "^5.4.6"
      }
    }
  }
}